
Microsoft Visual Studio Solution File, Format Version 12.00
# Visual Studio Version 16
VisualStudioVersion = 16.0.30225.117
MinimumVisualStudioVersion = 10.0.40219.1
Project("{FAE04EC0-301F-11D3-BF4B-00C04F79EFBC}") = "CalcLibrary", "CalcLibrary\CalcLibrary.csproj", "{F17E5765-2AA0-4449-8773-3A5239FDCAA3}"
EndProject
Project("{FAE04EC0-301F-11D3-BF4B-00C04F79EFBC}") = "TempLibrary.Test", "TempLibrary.Test\TempLibrary.Test.csproj", "{43F9130A-08B9-47CC-ABE4-CA66CCB40D22}"
EndProject
Global
	GlobalSection(SolutionConfigurationPlatforms) = preSolution
		Debug|Any CPU = Debug|Any CPU
		Release|Any CPU = Release|Any CPU
	EndGlobalSection
	GlobalSection(ProjectConfigurationPlatforms) = postSolution
		{F17E5765-2AA0-4449-8773-3A5239FDCAA3}.Debug|Any CPU.ActiveCfg = Debug|Any CPU
		{F17E5765-2AA0-4449-8773-3A5239FDCAA3}.Debug|Any CPU.Build.0 = Debug|Any CPU
		{F17E5765-2AA0-4449-8773-3A5239FDCAA3}.Release|Any CPU.ActiveCfg = Release|Any CPU
		{F17E5765-2AA0-4449-8773-3A5239FDCAA3}.Release|Any CPU.Build.0 = Release|Any CPU
		{43F9130A-08B9-47CC-ABE4-CA66CCB40D22}.Debug|Any CPU.ActiveCfg = Debug|Any CPU
		{43F9130A-08B9-47CC-ABE4-CA66CCB40D22}.Debug|Any CPU.Build.0 = Debug|Any CPU
		{43F9130A-08B9-47CC-ABE4-CA66CCB40D22}.Release|Any CPU.ActiveCfg = Release|Any CPU
		{43F9130A-08B9-47CC-ABE4-CA66CCB40D22}.Release|Any CPU.Build.0 = Release|Any CPU
	EndGlobalSection
	GlobalSection(SolutionProperties) = preSolution
		HideSolutionNode = FALSE
	EndGlobalSection
	GlobalSection(ExtensibilityGlobals) = postSolution
		SolutionGuid = {1F95A733-6EA1-4B5C-A12F-4B75C43331D3}
	EndGlobalSection
EndGlobal
